
Microsoft Visual Studio Solution File, Format Version 11.00
# Visual Studio 2010
Project("{FAE04EC0-301F-11D3-BF4B-00C04F79EFBC}") = "TestProject", "TestProject\TestProject.csproj", "{C054DC85-EAF1-40DB-998C-8EF48BA807F9}"
EndProject
Project("{FAE04EC0-301F-11D3-BF4B-00C04F79EFBC}") = "TestCalc.White", "TestCalc.White\TestCalc.White.csproj", "{C3770D17-D34B-43E7-A11E-AA40CBE3F6F0}"
EndProject
Project("{2150E333-8FDC-42A3-9474-1A3956D46DE8}") = "Solution Items", "Solution Items", "{3C75142A-7AD9-48DF-BA08-3EB886EC8785}"
	ProjectSection(SolutionItems) = preProject
		Local.testsettings = Local.testsettings
		TestProject.vsmdi = TestProject.vsmdi
		TraceAndTestImpact.testsettings = TraceAndTestImpact.testsettings
	EndProjectSection
EndProject
Project("{FAE04EC0-301F-11D3-BF4B-00C04F79EFBC}") = "TestCalc.NSpec", "TestCalc.NSpec\TestCalc.NSpec.csproj", "{7B8AC590-CEAB-42E6-A608-FD0E53408A86}"
EndProject
Project("{FAE04EC0-301F-11D3-BF4B-00C04F79EFBC}") = "TestCalc.Specs", "TestCalc.Specs\TestCalc.Specs.csproj", "{91DBF53A-99B9-45AC-A4EF-1AB3AC2F30A7}"
EndProject
Project("{FAE04EC0-301F-11D3-BF4B-00C04F79EFBC}") = "TestCalc.UIAutomation", "TestCalc.UIAutomation\TestCalc.UIAutomation.csproj", "{5894C6C3-A82F-459D-885F-AC63A0614325}"
EndProject
Project("{FAE04EC0-301F-11D3-BF4B-00C04F79EFBC}") = "Dexter", "Dexter\Dexter.csproj", "{2013598A-56F5-4D55-BAB0-48E036EF3048}"
EndProject
Project("{FAE04EC0-301F-11D3-BF4B-00C04F79EFBC}") = "Util", "Util\Util.csproj", "{AC0AD900-054E-44C7-9FA8-5122FA964D81}"
EndProject
Project("{2150E333-8FDC-42A3-9474-1A3956D46DE8}") = "Dexter.Tests", "Dexter.Tests", "{E8DEAB9D-7EEA-41BB-AB78-372C5D92E3F8}"
EndProject
Project("{FAE04EC0-301F-11D3-BF4B-00C04F79EFBC}") = "Dexter.FactoryGirl", "Dexter.FactoryGirl\Dexter.FactoryGirl.csproj", "{026D54F5-1D30-4C4D-B7B3-1B68D9BF0066}"
EndProject
Project("{FAE04EC0-301F-11D3-BF4B-00C04F79EFBC}") = "Dexter.Planter", "Dexter.Planter\Dexter.Planter.csproj", "{CBE9786E-6A68-491A-A80D-CE31278B3600}"
EndProject
Global
	GlobalSection(TestCaseManagementSettings) = postSolution
		CategoryFile = TestProject.vsmdi
	EndGlobalSection
	GlobalSection(SolutionConfigurationPlatforms) = preSolution
		Debug|Any CPU = Debug|Any CPU
		Debug|Mixed Platforms = Debug|Mixed Platforms
		Debug|x86 = Debug|x86
		Release|Any CPU = Release|Any CPU
		Release|Mixed Platforms = Release|Mixed Platforms
		Release|x86 = Release|x86
	EndGlobalSection
	GlobalSection(ProjectConfigurationPlatforms) = postSolution
		{C054DC85-EAF1-40DB-998C-8EF48BA807F9}.Debug|Any CPU.ActiveCfg = Debug|Any CPU
		{C054DC85-EAF1-40DB-998C-8EF48BA807F9}.Debug|Any CPU.Build.0 = Debug|Any CPU
		{C054DC85-EAF1-40DB-998C-8EF48BA807F9}.Debug|Mixed Platforms.ActiveCfg = Debug|x86
		{C054DC85-EAF1-40DB-998C-8EF48BA807F9}.Debug|Mixed Platforms.Build.0 = Debug|x86
		{C054DC85-EAF1-40DB-998C-8EF48BA807F9}.Debug|x86.ActiveCfg = Debug|x86
		{C054DC85-EAF1-40DB-998C-8EF48BA807F9}.Debug|x86.Build.0 = Debug|x86
		{C054DC85-EAF1-40DB-998C-8EF48BA807F9}.Release|Any CPU.ActiveCfg = Release|x86
		{C054DC85-EAF1-40DB-998C-8EF48BA807F9}.Release|Mixed Platforms.ActiveCfg = Release|x86
		{C054DC85-EAF1-40DB-998C-8EF48BA807F9}.Release|Mixed Platforms.Build.0 = Release|x86
		{C054DC85-EAF1-40DB-998C-8EF48BA807F9}.Release|x86.ActiveCfg = Release|x86
		{C054DC85-EAF1-40DB-998C-8EF48BA807F9}.Release|x86.Build.0 = Release|x86
		{C3770D17-D34B-43E7-A11E-AA40CBE3F6F0}.Debug|Any CPU.ActiveCfg = Debug|Any CPU
		{C3770D17-D34B-43E7-A11E-AA40CBE3F6F0}.Debug|Any CPU.Build.0 = Debug|Any CPU
		{C3770D17-D34B-43E7-A11E-AA40CBE3F6F0}.Debug|Mixed Platforms.ActiveCfg = Debug|Any CPU
		{C3770D17-D34B-43E7-A11E-AA40CBE3F6F0}.Debug|Mixed Platforms.Build.0 = Debug|Any CPU
		{C3770D17-D34B-43E7-A11E-AA40CBE3F6F0}.Debug|x86.ActiveCfg = Debug|Any CPU
		{C3770D17-D34B-43E7-A11E-AA40CBE3F6F0}.Release|Any CPU.ActiveCfg = Release|Any CPU
		{C3770D17-D34B-43E7-A11E-AA40CBE3F6F0}.Release|Any CPU.Build.0 = Release|Any CPU
		{C3770D17-D34B-43E7-A11E-AA40CBE3F6F0}.Release|Mixed Platforms.ActiveCfg = Release|Any CPU
		{C3770D17-D34B-43E7-A11E-AA40CBE3F6F0}.Release|Mixed Platforms.Build.0 = Release|Any CPU
		{C3770D17-D34B-43E7-A11E-AA40CBE3F6F0}.Release|x86.ActiveCfg = Release|Any CPU
		{7B8AC590-CEAB-42E6-A608-FD0E53408A86}.Debug|Any CPU.ActiveCfg = Debug|Any CPU
		{7B8AC590-CEAB-42E6-A608-FD0E53408A86}.Debug|Any CPU.Build.0 = Debug|Any CPU
		{7B8AC590-CEAB-42E6-A608-FD0E53408A86}.Debug|Mixed Platforms.ActiveCfg = Debug|Any CPU
		{7B8AC590-CEAB-42E6-A608-FD0E53408A86}.Debug|Mixed Platforms.Build.0 = Debug|Any CPU
		{7B8AC590-CEAB-42E6-A608-FD0E53408A86}.Debug|x86.ActiveCfg = Debug|Any CPU
		{7B8AC590-CEAB-42E6-A608-FD0E53408A86}.Release|Any CPU.ActiveCfg = Release|Any CPU
		{7B8AC590-CEAB-42E6-A608-FD0E53408A86}.Release|Any CPU.Build.0 = Release|Any CPU
		{7B8AC590-CEAB-42E6-A608-FD0E53408A86}.Release|Mixed Platforms.ActiveCfg = Release|Any CPU
		{7B8AC590-CEAB-42E6-A608-FD0E53408A86}.Release|Mixed Platforms.Build.0 = Release|Any CPU
		{7B8AC590-CEAB-42E6-A608-FD0E53408A86}.Release|x86.ActiveCfg = Release|Any CPU
		{91DBF53A-99B9-45AC-A4EF-1AB3AC2F30A7}.Debug|Any CPU.ActiveCfg = Debug|Any CPU
		{91DBF53A-99B9-45AC-A4EF-1AB3AC2F30A7}.Debug|Any CPU.Build.0 = Debug|Any CPU
		{91DBF53A-99B9-45AC-A4EF-1AB3AC2F30A7}.Debug|Mixed Platforms.ActiveCfg = Debug|Any CPU
		{91DBF53A-99B9-45AC-A4EF-1AB3AC2F30A7}.Debug|Mixed Platforms.Build.0 = Debug|Any CPU
		{91DBF53A-99B9-45AC-A4EF-1AB3AC2F30A7}.Debug|x86.ActiveCfg = Debug|Any CPU
		{91DBF53A-99B9-45AC-A4EF-1AB3AC2F30A7}.Release|Any CPU.ActiveCfg = Release|Any CPU
		{91DBF53A-99B9-45AC-A4EF-1AB3AC2F30A7}.Release|Any CPU.Build.0 = Release|Any CPU
		{91DBF53A-99B9-45AC-A4EF-1AB3AC2F30A7}.Release|Mixed Platforms.ActiveCfg = Release|Any CPU
		{91DBF53A-99B9-45AC-A4EF-1AB3AC2F30A7}.Release|Mixed Platforms.Build.0 = Release|Any CPU
		{91DBF53A-99B9-45AC-A4EF-1AB3AC2F30A7}.Release|x86.ActiveCfg = Release|Any CPU
		{5894C6C3-A82F-459D-885F-AC63A0614325}.Debug|Any CPU.ActiveCfg = Debug|Any CPU
		{5894C6C3-A82F-459D-885F-AC63A0614325}.Debug|Any CPU.Build.0 = Debug|Any CPU
		{5894C6C3-A82F-459D-885F-AC63A0614325}.Debug|Mixed Platforms.ActiveCfg = Debug|Any CPU
		{5894C6C3-A82F-459D-885F-AC63A0614325}.Debug|Mixed Platforms.Build.0 = Debug|Any CPU
		{5894C6C3-A82F-459D-885F-AC63A0614325}.Debug|x86.ActiveCfg = Debug|Any CPU
		{5894C6C3-A82F-459D-885F-AC63A0614325}.Release|Any CPU.ActiveCfg = Release|Any CPU
		{5894C6C3-A82F-459D-885F-AC63A0614325}.Release|Any CPU.Build.0 = Release|Any CPU
		{5894C6C3-A82F-459D-885F-AC63A0614325}.Release|Mixed Platforms.ActiveCfg = Release|Any CPU
		{5894C6C3-A82F-459D-885F-AC63A0614325}.Release|Mixed Platforms.Build.0 = Release|Any CPU
		{5894C6C3-A82F-459D-885F-AC63A0614325}.Release|x86.ActiveCfg = Release|Any CPU
		{2013598A-56F5-4D55-BAB0-48E036EF3048}.Debug|Any CPU.ActiveCfg = Debug|Any CPU
		{2013598A-56F5-4D55-BAB0-48E036EF3048}.Debug|Any CPU.Build.0 = Debug|Any CPU
		{2013598A-56F5-4D55-BAB0-48E036EF3048}.Debug|Mixed Platforms.ActiveCfg = Debug|x86
		{2013598A-56F5-4D55-BAB0-48E036EF3048}.Debug|Mixed Platforms.Build.0 = Debug|x86
		{2013598A-56F5-4D55-BAB0-48E036EF3048}.Debug|x86.ActiveCfg = Debug|x86
		{2013598A-56F5-4D55-BAB0-48E036EF3048}.Debug|x86.Build.0 = Debug|x86
		{2013598A-56F5-4D55-BAB0-48E036EF3048}.Release|Any CPU.ActiveCfg = Release|x86
		{2013598A-56F5-4D55-BAB0-48E036EF3048}.Release|Mixed Platforms.ActiveCfg = Release|x86
		{2013598A-56F5-4D55-BAB0-48E036EF3048}.Release|Mixed Platforms.Build.0 = Release|x86
		{2013598A-56F5-4D55-BAB0-48E036EF3048}.Release|x86.ActiveCfg = Release|x86
		{2013598A-56F5-4D55-BAB0-48E036EF3048}.Release|x86.Build.0 = Release|x86
		{AC0AD900-054E-44C7-9FA8-5122FA964D81}.Debug|Any CPU.ActiveCfg = Debug|Any CPU
		{AC0AD900-054E-44C7-9FA8-5122FA964D81}.Debug|Any CPU.Build.0 = Debug|Any CPU
		{AC0AD900-054E-44C7-9FA8-5122FA964D81}.Debug|Mixed Platforms.ActiveCfg = Debug|Any CPU
		{AC0AD900-054E-44C7-9FA8-5122FA964D81}.Debug|Mixed Platforms.Build.0 = Debug|Any CPU
		{AC0AD900-054E-44C7-9FA8-5122FA964D81}.Debug|x86.ActiveCfg = Debug|Any CPU
		{AC0AD900-054E-44C7-9FA8-5122FA964D81}.Release|Any CPU.ActiveCfg = Release|Any CPU
		{AC0AD900-054E-44C7-9FA8-5122FA964D81}.Release|Any CPU.Build.0 = Release|Any CPU
		{AC0AD900-054E-44C7-9FA8-5122FA964D81}.Release|Mixed Platforms.ActiveCfg = Release|Any CPU
		{AC0AD900-054E-44C7-9FA8-5122FA964D81}.Release|Mixed Platforms.Build.0 = Release|Any CPU
		{AC0AD900-054E-44C7-9FA8-5122FA964D81}.Release|x86.ActiveCfg = Release|Any CPU
		{026D54F5-1D30-4C4D-B7B3-1B68D9BF0066}.Debug|Any CPU.ActiveCfg = Debug|Any CPU
		{026D54F5-1D30-4C4D-B7B3-1B68D9BF0066}.Debug|Any CPU.Build.0 = Debug|Any CPU
		{026D54F5-1D30-4C4D-B7B3-1B68D9BF0066}.Debug|Mixed Platforms.ActiveCfg = Debug|Any CPU
		{026D54F5-1D30-4C4D-B7B3-1B68D9BF0066}.Debug|Mixed Platforms.Build.0 = Debug|Any CPU
		{026D54F5-1D30-4C4D-B7B3-1B68D9BF0066}.Debug|x86.ActiveCfg = Debug|Any CPU
		{026D54F5-1D30-4C4D-B7B3-1B68D9BF0066}.Release|Any CPU.ActiveCfg = Release|Any CPU
		{026D54F5-1D30-4C4D-B7B3-1B68D9BF0066}.Release|Any CPU.Build.0 = Release|Any CPU
		{026D54F5-1D30-4C4D-B7B3-1B68D9BF0066}.Release|Mixed Platforms.ActiveCfg = Release|Any CPU
		{026D54F5-1D30-4C4D-B7B3-1B68D9BF0066}.Release|Mixed Platforms.Build.0 = Release|Any CPU
		{026D54F5-1D30-4C4D-B7B3-1B68D9BF0066}.Release|x86.ActiveCfg = Release|Any CPU
		{CBE9786E-6A68-491A-A80D-CE31278B3600}.Debug|Any CPU.ActiveCfg = Debug|Any CPU
		{CBE9786E-6A68-491A-A80D-CE31278B3600}.Debug|Any CPU.Build.0 = Debug|Any CPU
		{CBE9786E-6A68-491A-A80D-CE31278B3600}.Debug|Mixed Platforms.ActiveCfg = Debug|Any CPU
		{CBE9786E-6A68-491A-A80D-CE31278B3600}.Debug|Mixed Platforms.Build.0 = Debug|Any CPU
		{CBE9786E-6A68-491A-A80D-CE31278B3600}.Debug|x86.ActiveCfg = Debug|Any CPU
		{CBE9786E-6A68-491A-A80D-CE31278B3600}.Release|Any CPU.ActiveCfg = Release|Any CPU
		{CBE9786E-6A68-491A-A80D-CE31278B3600}.Release|Any CPU.Build.0 = Release|Any CPU
		{CBE9786E-6A68-491A-A80D-CE31278B3600}.Release|Mixed Platforms.ActiveCfg = Release|Any CPU
		{CBE9786E-6A68-491A-A80D-CE31278B3600}.Release|Mixed Platforms.Build.0 = Release|Any CPU
		{CBE9786E-6A68-491A-A80D-CE31278B3600}.Release|x86.ActiveCfg = Release|Any CPU
	EndGlobalSection
	GlobalSection(SolutionProperties) = preSolution
		HideSolutionNode = FALSE
	EndGlobalSection
	GlobalSection(NestedProjects) = preSolution
		{026D54F5-1D30-4C4D-B7B3-1B68D9BF0066} = {E8DEAB9D-7EEA-41BB-AB78-372C5D92E3F8}
		{CBE9786E-6A68-491A-A80D-CE31278B3600} = {E8DEAB9D-7EEA-41BB-AB78-372C5D92E3F8}
	EndGlobalSection
EndGlobal
